
Microsoft Visual Studio Solution File, Format Version 12.00
# Visual Studio Version 16
VisualStudioVersion = 16.0.31515.178
MinimumVisualStudioVersion = 10.0.40219.1
Project("{FAE04EC0-301F-11D3-BF4B-00C04F79EFBC}") = "Core", "Core\Core.csproj", "{D0F52F83-7514-433E-9826-17DEEF925BB6}"
EndProject
Project("{FAE04EC0-301F-11D3-BF4B-00C04F79EFBC}") = "Infrastructure", "Infrastructure\Infrastructure.csproj", "{F26BC87D-EE61-4634-90AB-C2455EC2F00D}"
EndProject
Project("{FAE04EC0-301F-11D3-BF4B-00C04F79EFBC}") = "Shared", "Shared\Shared.csproj", "{BC825A4B-A351-4357-91CD-86DA5DC75516}"
EndProject
Project("{FAE04EC0-301F-11D3-BF4B-00C04F79EFBC}") = "Web", "Web\Web.csproj", "{43FBF565-A61B-48B4-B80D-2EA6ED620966}"
EndProject
Global
	GlobalSection(SolutionConfigurationPlatforms) = preSolution
		Debug|Any CPU = Debug|Any CPU
		Release|Any CPU = Release|Any CPU
	EndGlobalSection
	GlobalSection(ProjectConfigurationPlatforms) = postSolution
		{D0F52F83-7514-433E-9826-17DEEF925BB6}.Debug|Any CPU.ActiveCfg = Debug|Any CPU
		{D0F52F83-7514-433E-9826-17DEEF925BB6}.Debug|Any CPU.Build.0 = Debug|Any CPU
		{D0F52F83-7514-433E-9826-17DEEF925BB6}.Release|Any CPU.ActiveCfg = Release|Any CPU
		{D0F52F83-7514-433E-9826-17DEEF925BB6}.Release|Any CPU.Build.0 = Release|Any CPU
		{F26BC87D-EE61-4634-90AB-C2455EC2F00D}.Debug|Any CPU.ActiveCfg = Debug|Any CPU
		{F26BC87D-EE61-4634-90AB-C2455EC2F00D}.Debug|Any CPU.Build.0 = Debug|Any CPU
		{F26BC87D-EE61-4634-90AB-C2455EC2F00D}.Release|Any CPU.ActiveCfg = Release|Any CPU
		{F26BC87D-EE61-4634-90AB-C2455EC2F00D}.Release|Any CPU.Build.0 = Release|Any CPU
		{BC825A4B-A351-4357-91CD-86DA5DC75516}.Debug|Any CPU.ActiveCfg = Debug|Any CPU
		{BC825A4B-A351-4357-91CD-86DA5DC75516}.Debug|Any CPU.Build.0 = Debug|Any CPU
		{BC825A4B-A351-4357-91CD-86DA5DC75516}.Release|Any CPU.ActiveCfg = Release|Any CPU
		{BC825A4B-A351-4357-91CD-86DA5DC75516}.Release|Any CPU.Build.0 = Release|Any CPU
		{43FBF565-A61B-48B4-B80D-2EA6ED620966}.Debug|Any CPU.ActiveCfg = Debug|Any CPU
		{43FBF565-A61B-48B4-B80D-2EA6ED620966}.Debug|Any CPU.Build.0 = Debug|Any CPU
		{43FBF565-A61B-48B4-B80D-2EA6ED620966}.Release|Any CPU.ActiveCfg = Release|Any CPU
		{43FBF565-A61B-48B4-B80D-2EA6ED620966}.Release|Any CPU.Build.0 = Release|Any CPU
	EndGlobalSection
	GlobalSection(SolutionProperties) = preSolution
		HideSolutionNode = FALSE
	EndGlobalSection
	GlobalSection(ExtensibilityGlobals) = postSolution
		SolutionGuid = {E4AD715C-969E-4D6C-BD85-365584F50603}
	EndGlobalSection
EndGlobal
